// !$*UTF8*$!
{
	archiveVersion = 1;
	classes = {
	};
	objectVersion = 55;
	objects = {

/* Begin PBXBuildFile section */
		3B7A14458B7F2C028244DB8D /* Pods_TestTask.framework in Frameworks */ = {isa = PBXBuildFile; fileRef = 38AC4DF9461C4E1D5B1A3019 /* Pods_TestTask.framework */; };
		FA61D83828F4AF8400B607A2 /* AppDelegate.swift in Sources */ = {isa = PBXBuildFile; fileRef = FA61D83728F4AF8400B607A2 /* AppDelegate.swift */; };
		FA61D83A28F4AF8400B607A2 /* SceneDelegate.swift in Sources */ = {isa = PBXBuildFile; fileRef = FA61D83928F4AF8400B607A2 /* SceneDelegate.swift */; };
		FA61D84128F4AF8900B607A2 /* Assets.xcassets in Resources */ = {isa = PBXBuildFile; fileRef = FA61D84028F4AF8900B607A2 /* Assets.xcassets */; };
		FA61D84428F4AF8900B607A2 /* LaunchScreen.storyboard in Resources */ = {isa = PBXBuildFile; fileRef = FA61D84228F4AF8900B607A2 /* LaunchScreen.storyboard */; };
		FA61D84C28F4AFD200B607A2 /* HomeTabBarVC.swift in Sources */ = {isa = PBXBuildFile; fileRef = FA61D84B28F4AFD200B607A2 /* HomeTabBarVC.swift */; };
		FA61D84E28F4B1AB00B607A2 /* FeedVC.swift in Sources */ = {isa = PBXBuildFile; fileRef = FA61D84D28F4B1AB00B607A2 /* FeedVC.swift */; };
		FA61D85028F4B1C400B607A2 /* FavoriteVC.swift in Sources */ = {isa = PBXBuildFile; fileRef = FA61D84F28F4B1C400B607A2 /* FavoriteVC.swift */; };
/* End PBXBuildFile section */

/* Begin PBXFileReference section */
		38AC4DF9461C4E1D5B1A3019 /* Pods_TestTask.framework */ = {isa = PBXFileReference; explicitFileType = wrapper.framework; includeInIndex = 0; path = Pods_TestTask.framework; sourceTree = BUILT_PRODUCTS_DIR; };
		5C6B64DCE30ADDDF0EC056EF /* Pods-TestTask.release.xcconfig */ = {isa = PBXFileReference; includeInIndex = 1; lastKnownFileType = text.xcconfig; name = "Pods-TestTask.release.xcconfig"; path = "Target Support Files/Pods-TestTask/Pods-TestTask.release.xcconfig"; sourceTree = "<group>"; };
		BCADA2035350769E16EE11EF /* Pods-TestTask.debug.xcconfig */ = {isa = PBXFileReference; includeInIndex = 1; lastKnownFileType = text.xcconfig; name = "Pods-TestTask.debug.xcconfig"; path = "Target Support Files/Pods-TestTask/Pods-TestTask.debug.xcconfig"; sourceTree = "<group>"; };
		FA61D83428F4AF8400B607A2 /* TestTask.app */ = {isa = PBXFileReference; explicitFileType = wrapper.application; includeInIndex = 0; path = TestTask.app; sourceTree = BUILT_PRODUCTS_DIR; };
		FA61D83728F4AF8400B607A2 /* AppDelegate.swift */ = {isa = PBXFileReference; lastKnownFileType = sourcecode.swift; path = AppDelegate.swift; sourceTree = "<group>"; };
		FA61D83928F4AF8400B607A2 /* SceneDelegate.swift */ = {isa = PBXFileReference; lastKnownFileType = sourcecode.swift; path = SceneDelegate.swift; sourceTree = "<group>"; };
		FA61D84028F4AF8900B607A2 /* Assets.xcassets */ = {isa = PBXFileReference; lastKnownFileType = folder.assetcatalog; path = Assets.xcassets; sourceTree = "<group>"; };
		FA61D84328F4AF8900B607A2 /* Base */ = {isa = PBXFileReference; lastKnownFileType = file.storyboard; name = Base; path = Base.lproj/LaunchScreen.storyboard; sourceTree = "<group>"; };
		FA61D84528F4AF8900B607A2 /* Info.plist */ = {isa = PBXFileReference; lastKnownFileType = text.plist.xml; path = Info.plist; sourceTree = "<group>"; };
		FA61D84B28F4AFD200B607A2 /* HomeTabBarVC.swift */ = {isa = PBXFileReference; lastKnownFileType = sourcecode.swift; path = HomeTabBarVC.swift; sourceTree = "<group>"; };
		FA61D84D28F4B1AB00B607A2 /* FeedVC.swift */ = {isa = PBXFileReference; lastKnownFileType = sourcecode.swift; path = FeedVC.swift; sourceTree = "<group>"; };
		FA61D84F28F4B1C400B607A2 /* FavoriteVC.swift */ = {isa = PBXFileReference; lastKnownFileType = sourcecode.swift; path = FavoriteVC.swift; sourceTree = "<group>"; };
/* End PBXFileReference section */

/* Begin PBXFrameworksBuildPhase section */
		FA61D83128F4AF8400B607A2 /* Frameworks */ = {
			isa = PBXFrameworksBuildPhase;
			buildActionMask = 2147483647;
			files = (
				3B7A14458B7F2C028244DB8D /* Pods_TestTask.framework in Frameworks */,
			);
			runOnlyForDeploymentPostprocessing = 0;
		};
/* End PBXFrameworksBuildPhase section */

/* Begin PBXGroup section */
		6BED6AF8F7C68E30385E03F1 /* Frameworks */ = {
			isa = PBXGroup;
			children = (
				38AC4DF9461C4E1D5B1A3019 /* Pods_TestTask.framework */,
			);
			name = Frameworks;
			sourceTree = "<group>";
		};
		E5BB3F765E6DC7CD6A03A225 /* Pods */ = {
			isa = PBXGroup;
			children = (
				BCADA2035350769E16EE11EF /* Pods-TestTask.debug.xcconfig */,
				5C6B64DCE30ADDDF0EC056EF /* Pods-TestTask.release.xcconfig */,
			);
			name = Pods;
			path = Pods;
			sourceTree = "<group>";
		};
		FA61D82B28F4AF8400B607A2 = {
			isa = PBXGroup;
			children = (
				FA61D83628F4AF8400B607A2 /* TestTask */,
				FA61D83528F4AF8400B607A2 /* Products */,
				E5BB3F765E6DC7CD6A03A225 /* Pods */,
				6BED6AF8F7C68E30385E03F1 /* Frameworks */,
			);
			sourceTree = "<group>";
		};
		FA61D83528F4AF8400B607A2 /* Products */ = {
			isa = PBXGroup;
			children = (
				FA61D83428F4AF8400B607A2 /* TestTask.app */,
			);
			name = Products;
			sourceTree = "<group>";
		};
		FA61D83628F4AF8400B607A2 /* TestTask */ = {
			isa = PBXGroup;
			children = (
				FA61D83728F4AF8400B607A2 /* AppDelegate.swift */,
				FA61D83928F4AF8400B607A2 /* SceneDelegate.swift */,
				FA61D84B28F4AFD200B607A2 /* HomeTabBarVC.swift */,
				FA61D84D28F4B1AB00B607A2 /* FeedVC.swift */,
				FA61D84F28F4B1C400B607A2 /* FavoriteVC.swift */,
				FA61D84028F4AF8900B607A2 /* Assets.xcassets */,
				FA61D84228F4AF8900B607A2 /* LaunchScreen.storyboard */,
				FA61D84528F4AF8900B607A2 /* Info.plist */,
			);
			path = TestTask;
			sourceTree = "<group>";
		};
/* End PBXGroup section */

/* Begin PBXNativeTarget section */
		FA61D83328F4AF8400B607A2 /* TestTask */ = {
			isa = PBXNativeTarget;
			buildConfigurationList = FA61D84828F4AF8900B607A2 /* Build configuration list for PBXNativeTarget "TestTask" */;
			buildPhases = (
				964AA4D7D20198902B0115C7 /* [CP] Check Pods Manifest.lock */,
				FA61D83028F4AF8400B607A2 /* Sources */,
				FA61D83128F4AF8400B607A2 /* Frameworks */,
				FA61D83228F4AF8400B607A2 /* Resources */,
				1A43595BF790D23D6E3E94DE /* [CP] Embed Pods Frameworks */,
			);
			buildRules = (
			);
			dependencies = (
			);
			name = TestTask;
			productName = TestTask;
			productReference = FA61D83428F4AF8400B607A2 /* TestTask.app */;
			productType = "com.apple.product-type.application";
		};
/* End PBXNativeTarget section */

/* Begin PBXProject section */
		FA61D82C28F4AF8400B607A2 /* Project object */ = {
			isa = PBXProject;
			attributes = {
				BuildIndependentTargetsInParallel = 1;
				LastSwiftUpdateCheck = 1340;
				LastUpgradeCheck = 1340;
				TargetAttributes = {
					FA61D83328F4AF8400B607A2 = {
						CreatedOnToolsVersion = 13.4.1;
					};
				};
			};
			buildConfigurationList = FA61D82F28F4AF8400B607A2 /* Build configuration list for PBXProject "TestTask" */;
			compatibilityVersion = "Xcode 13.0";
			developmentRegion = en;
			hasScannedForEncodings = 0;
			knownRegions = (
				en,
				Base,
			);
			mainGroup = FA61D82B28F4AF8400B607A2;
			productRefGroup = FA61D83528F4AF8400B607A2 /* Products */;
			projectDirPath = "";
			projectRoot = "";
			targets = (
				FA61D83328F4AF8400B607A2 /* TestTask */,
			);
		};
/* End PBXProject section */

/* Begin PBXResourcesBuildPhase section */
		FA61D83228F4AF8400B607A2 /* Resources */ = {
			isa = PBXResourcesBuildPhase;
			buildActionMask = 2147483647;
			files = (
				FA61D84428F4AF8900B607A2 /* LaunchScreen.storyboard in Resources */,
				FA61D84128F4AF8900B607A2 /* Assets.xcassets in Resources */,
			);
			runOnlyForDeploymentPostprocessing = 0;
		};
/* End PBXResourcesBuildPhase section */

/* Begin PBXShellScriptBuildPhase section */
		1A43595BF790D23D6E3E94DE /* [CP] Embed Pods Frameworks */ = {
			isa = PBXShellScriptBuildPhase;
			buildActionMask = 2147483647;
			files = (
			);
			inputFileListPaths = (
				"${PODS_ROOT}/Target Support Files/Pods-TestTask/Pods-TestTask-frameworks-${CONFIGURATION}-input-files.xcfilelist",
			);
			name = "[CP] Embed Pods Frameworks";
			outputFileListPaths = (
				"${PODS_ROOT}/Target Support Files/Pods-TestTask/Pods-TestTask-frameworks-${CONFIGURATION}-output-files.xcfilelist",
			);
			runOnlyForDeploymentPostprocessing = 0;
			shellPath = /bin/sh;
			shellScript = "\"${PODS_ROOT}/Target Support Files/Pods-TestTask/Pods-TestTask-frameworks.sh\"\n";
			showEnvVarsInLog = 0;
		};
		964AA4D7D20198902B0115C7 /* [CP] Check Pods Manifest.lock */ = {
			isa = PBXShellScriptBuildPhase;
			buildActionMask = 2147483647;
			files = (
			);
			inputFileListPaths = (
			);
			inputPaths = (
				"${PODS_PODFILE_DIR_PATH}/Podfile.lock",
				"${PODS_ROOT}/Manifest.lock",
			);
			name = "[CP] Check Pods Manifest.lock";
			outputFileListPaths = (
			);
			outputPaths = (
				"$(DERIVED_FILE_DIR)/Pods-TestTask-checkManifestLockResult.txt",
			);
			runOnlyForDeploymentPostprocessing = 0;
			shellPath = /bin/sh;
			shellScript = "diff \"${PODS_PODFILE_DIR_PATH}/Podfile.lock\" \"${PODS_ROOT}/Manifest.lock\" > /dev/null\nif [ $? != 0 ] ; then\n    # print error to STDERR\n    echo \"error: The sandbox is not in sync with the Podfile.lock. Run 'pod install' or update your CocoaPods installation.\" >&2\n    exit 1\nfi\n# This output is used by Xcode 'outputs' to avoid re-running this script phase.\necho \"SUCCESS\" > \"${SCRIPT_OUTPUT_FILE_0}\"\n";
			showEnvVarsInLog = 0;
		};
/* End PBXShellScriptBuildPhase section */

/* Begin PBXSourcesBuildPhase section */
		FA61D83028F4AF8400B607A2 /* Sources */ = {
			isa = PBXSourcesBuildPhase;
			buildActionMask = 2147483647;
			files = (
				FA61D84E28F4B1AB00B607A2 /* FeedVC.swift in Sources */,
				FA61D83828F4AF8400B607A2 /* AppDelegate.swift in Sources */,
				FA61D83A28F4AF8400B607A2 /* SceneDelegate.swift in Sources */,
				FA61D85028F4B1C400B607A2 /* FavoriteVC.swift in Sources */,
				FA61D84C28F4AFD200B607A2 /* HomeTabBarVC.swift in Sources */,
			);
			runOnlyForDeploymentPostprocessing = 0;
		};
/* End PBXSourcesBuildPhase section */

/* Begin PBXVariantGroup section */
		FA61D84228F4AF8900B607A2 /* LaunchScreen.storyboard */ = {
			isa = PBXVariantGroup;
			children = (
				FA61D84328F4AF8900B607A2 /* Base */,
			);
			name = LaunchScreen.storyboard;
			sourceTree = "<group>";
		};
/* End PBXVariantGroup section */

/* Begin XCBuildConfiguration section */
		FA61D84628F4AF8900B607A2 /* Debug */ = {
			isa = XCBuildConfiguration;
			buildSettings = {
				ALWAYS_SEARCH_USER_PATHS = NO;
				CLANG_ANALYZER_NONNULL = YES;
				CLANG_ANALYZER_NUMBER_OBJECT_CONVERSION = YES_AGGRESSIVE;
				CLANG_CXX_LANGUAGE_STANDARD = "gnu++17";
				CLANG_ENABLE_MODULES = YES;
				CLANG_ENABLE_OBJC_ARC = YES;
				CLANG_ENABLE_OBJC_WEAK = YES;
				CLANG_WARN_BLOCK_CAPTURE_AUTORELEASING = YES;
				CLANG_WARN_BOOL_CONVERSION = YES;
				CLANG_WARN_COMMA = YES;
				CLANG_WARN_CONSTANT_CONVERSION = YES;
				CLANG_WARN_DEPRECATED_OBJC_IMPLEMENTATIONS = YES;
				CLANG_WARN_DIRECT_OBJC_ISA_USAGE = YES_ERROR;
				CLANG_WARN_DOCUMENTATION_COMMENTS = YES;
				CLANG_WARN_EMPTY_BODY = YES;
				CLANG_WARN_ENUM_CONVERSION = YES;
				CLANG_WARN_INFINITE_RECURSION = YES;
				CLANG_WARN_INT_CONVERSION = YES;
				CLANG_WARN_NON_LITERAL_NULL_CONVERSION = YES;
				CLANG_WARN_OBJC_IMPLICIT_RETAIN_SELF = YES;
				CLANG_WARN_OBJC_LITERAL_CONVERSION = YES;
				CLANG_WARN_OBJC_ROOT_CLASS = YES_ERROR;
				CLANG_WARN_QUOTED_INCLUDE_IN_FRAMEWORK_HEADER = YES;
				CLANG_WARN_RANGE_LOOP_ANALYSIS = YES;
				CLANG_WARN_STRICT_PROTOTYPES = YES;
				CLANG_WARN_SUSPICIOUS_MOVE = YES;
				CLANG_WARN_UNGUARDED_AVAILABILITY = YES_AGGRESSIVE;
				CLANG_WARN_UNREACHABLE_CODE = YES;
				CLANG_WARN__DUPLICATE_METHOD_MATCH = YES;
				COPY_PHASE_STRIP = NO;
				DEBUG_INFORMATION_FORMAT = dwarf;
				ENABLE_STRICT_OBJC_MSGSEND = YES;
				ENABLE_TESTABILITY = YES;
				GCC_C_LANGUAGE_STANDARD = gnu11;
				GCC_DYNAMIC_NO_PIC = NO;
				GCC_NO_COMMON_BLOCKS = YES;
				GCC_OPTIMIZATION_LEVEL = 0;
				GCC_PREPROCESSOR_DEFINITIONS = (
					"DEBUG=1",
					"$(inherited)",
				);
				GCC_WARN_64_TO_32_BIT_CONVERSION = YES;
				GCC_WARN_ABOUT_RETURN_TYPE = YES_ERROR;
				GCC_WARN_UNDECLARED_SELECTOR = YES;
				GCC_WARN_UNINITIALIZED_AUTOS = YES_AGGRESSIVE;
				GCC_WARN_UNUSED_FUNCTION = YES;
				GCC_WARN_UNUSED_VARIABLE = YES;
				IPHONEOS_DEPLOYMENT_TARGET = 15.5;
				MTL_ENABLE_DEBUG_INFO = INCLUDE_SOURCE;
				MTL_FAST_MATH = YES;
				ONLY_ACTIVE_ARCH = YES;
				SDKROOT = iphoneos;
				SWIFT_ACTIVE_COMPILATION_CONDITIONS = DEBUG;
				SWIFT_OPTIMIZATION_LEVEL = "-Onone";
			};
			name = Debug;
		};
		FA61D84728F4AF8900B607A2 /* Release */ = {
			isa = XCBuildConfiguration;
			buildSettings = {
				ALWAYS_SEARCH_USER_PATHS = NO;
				CLANG_ANALYZER_NONNULL = YES;
				CLANG_ANALYZER_NUMBER_OBJECT_CONVERSION = YES_AGGRESSIVE;
				CLANG_CXX_LANGUAGE_STANDARD = "gnu++17";
				CLANG_ENABLE_MODULES = YES;
				CLANG_ENABLE_OBJC_ARC = YES;
				CLANG_ENABLE_OBJC_WEAK = YES;
				CLANG_WARN_BLOCK_CAPTURE_AUTORELEASING = YES;
				CLANG_WARN_BOOL_CONVERSION = YES;
				CLANG_WARN_COMMA = YES;
				CLANG_WARN_CONSTANT_CONVERSION = YES;
				CLANG_WARN_DEPRECATED_OBJC_IMPLEMENTATIONS = YES;
				CLANG_WARN_DIRECT_OBJC_ISA_USAGE = YES_ERROR;
				CLANG_WARN_DOCUMENTATION_COMMENTS = YES;
				CLANG_WARN_EMPTY_BODY = YES;
				CLANG_WARN_ENUM_CONVERSION = YES;
				CLANG_WARN_INFINITE_RECURSION = YES;
				CLANG_WARN_INT_CONVERSION = YES;
				CLANG_WARN_NON_LITERAL_NULL_CONVERSION = YES;
				CLANG_WARN_OBJC_IMPLICIT_RETAIN_SELF = YES;
				CLANG_WARN_OBJC_LITERAL_CONVERSION = YES;
				CLANG_WARN_OBJC_ROOT_CLASS = YES_ERROR;
				CLANG_WARN_QUOTED_INCLUDE_IN_FRAMEWORK_HEADER = YES;
				CLANG_WARN_RANGE_LOOP_ANALYSIS = YES;
				CLANG_WARN_STRICT_PROTOTYPES = YES;
				CLANG_WARN_SUSPICIOUS_MOVE = YES;
				CLANG_WARN_UNGUARDED_AVAILABILITY = YES_AGGRESSIVE;
				CLANG_WARN_UNREACHABLE_CODE = YES;
				CLANG_WARN__DUPLICATE_METHOD_MATCH = YES;
				COPY_PHASE_STRIP = NO;
				DEBUG_INFORMATION_FORMAT = "dwarf-with-dsym";
				ENABLE_NS_ASSERTIONS = NO;
				ENABLE_STRICT_OBJC_MSGSEND = YES;
				GCC_C_LANGUAGE_STANDARD = gnu11;
				GCC_NO_COMMON_BLOCKS = YES;
				GCC_WARN_64_TO_32_BIT_CONVERSION = YES;
				GCC_WARN_ABOUT_RETURN_TYPE = YES_ERROR;
				GCC_WARN_UNDECLARED_SELECTOR = YES;
				GCC_WARN_UNINITIALIZED_AUTOS = YES_AGGRESSIVE;
				GCC_WARN_UNUSED_FUNCTION = YES;
				GCC_WARN_UNUSED_VARIABLE = YES;
				IPHONEOS_DEPLOYMENT_TARGET = 15.5;
				MTL_ENABLE_DEBUG_INFO = NO;
				MTL_FAST_MATH = YES;
				SDKROOT = iphoneos;
				SWIFT_COMPILATION_MODE = wholemodule;
				SWIFT_OPTIMIZATION_LEVEL = "-O";
				VALIDATE_PRODUCT = YES;
			};
			name = Release;
		};
		FA61D84928F4AF8900B607A2 /* Debug */ = {
			isa = XCBuildConfiguration;
			baseConfigurationReference = BCADA2035350769E16EE11EF /* Pods-TestTask.debug.xcconfig */;
			buildSettings = {
				ASSETCATALOG_COMPILER_APPICON_NAME = AppIcon;
				ASSETCATALOG_COMPILER_GLOBAL_ACCENT_COLOR_NAME = AccentColor;
				CODE_SIGN_STYLE = Automatic;
				CURRENT_PROJECT_VERSION = 1;
				DEVELOPMENT_TEAM = 5TBH3MBA4J;
				GENERATE_INFOPLIST_FILE = YES;
				INFOPLIST_FILE = TestTask/Info.plist;
				INFOPLIST_KEY_UIApplicationSupportsIndirectInputEvents = YES;
				INFOPLIST_KEY_UILaunchStoryboardName = LaunchScreen;
				INFOPLIST_KEY_UISupportedInterfaceOrientations_iPad = "UIInterfaceOrientationPortrait UIInterfaceOrientationPortraitUpsideDown UIInterfaceOrientationLandscapeLeft UIInterfaceOrientationLandscapeRight";
				INFOPLIST_KEY_UISupportedInterfaceOrientations_iPhone = "UIInterfaceOrientationPortrait UIInterfaceOrientationLandscapeLeft UIInterfaceOrientationLandscapeRight";
				LD_RUNPATH_SEARCH_PATHS = (
					"$(inherited)",
					"@executable_path/Frameworks",
				);
				MARKETING_VERSION = 1.0;
				PRODUCT_BUNDLE_IDENTIFIER = com.pahmele.TestTask;
				PRODUCT_NAME = "$(TARGET_NAME)";
				SWIFT_EMIT_LOC_STRINGS = YES;
				SWIFT_VERSION = 5.0;
				TARGETED_DEVICE_FAMILY = "1,2";
			};
			name = Debug;
		};
		FA61D84A28F4AF8900B607A2 /* Release */ = {
			isa = XCBuildConfiguration;
			baseConfigurationReference = 5C6B64DCE30ADDDF0EC056EF /* Pods-TestTask.release.xcconfig */;
			buildSettings = {
				ASSETCATALOG_COMPILER_APPICON_NAME = AppIcon;
				ASSETCATALOG_COMPILER_GLOBAL_ACCENT_COLOR_NAME = AccentColor;
				CODE_SIGN_STYLE = Automatic;
				CURRENT_PROJECT_VERSION = 1;
				DEVELOPMENT_TEAM = 5TBH3MBA4J;
				GENERATE_INFOPLIST_FILE = YES;
				INFOPLIST_FILE = TestTask/Info.plist;
				INFOPLIST_KEY_UIApplicationSupportsIndirectInputEvents = YES;
				INFOPLIST_KEY_UILaunchStoryboardName = LaunchScreen;
				INFOPLIST_KEY_UISupportedInterfaceOrientations_iPad = "UIInterfaceOrientationPortrait UIInterfaceOrientationPortraitUpsideDown UIInterfaceOrientationLandscapeLeft UIInterfaceOrientationLandscapeRight";
				INFOPLIST_KEY_UISupportedInterfaceOrientations_iPhone = "UIInterfaceOrientationPortrait UIInterfaceOrientationLandscapeLeft UIInterfaceOrientationLandscapeRight";
				LD_RUNPATH_SEARCH_PATHS = (
					"$(inherited)",
					"@executable_path/Frameworks",
				);
				MARKETING_VERSION = 1.0;
				PRODUCT_BUNDLE_IDENTIFIER = com.pahmele.TestTask;
				PRODUCT_NAME = "$(TARGET_NAME)";
				SWIFT_EMIT_LOC_STRINGS = YES;
				SWIFT_VERSION = 5.0;
				TARGETED_DEVICE_FAMILY = "1,2";
			};
			name = Release;
		};
/* End XCBuildConfiguration section */

/* Begin XCConfigurationList section */
		FA61D82F28F4AF8400B607A2 /* Build configuration list for PBXProject "TestTask" */ = {
			isa = XCConfigurationList;
			buildConfigurations = (
				FA61D84628F4AF8900B607A2 /* Debug */,
				FA61D84728F4AF8900B607A2 /* Release */,
			);
			defaultConfigurationIsVisible = 0;
			defaultConfigurationName = Release;
		};
		FA61D84828F4AF8900B607A2 /* Build configuration list for PBXNativeTarget "TestTask" */ = {
			isa = XCConfigurationList;
			buildConfigurations = (
				FA61D84928F4AF8900B607A2 /* Debug */,
				FA61D84A28F4AF8900B607A2 /* Release */,
			);
			defaultConfigurationIsVisible = 0;
			defaultConfigurationName = Release;
		};
/* End XCConfigurationList section */
	};
	rootObject = FA61D82C28F4AF8400B607A2 /* Project object */;
}
